
Microsoft Visual Studio Solution File, Format Version 12.00
# Visual Studio Version 17
VisualStudioVersion = 17.8.34316.72
MinimumVisualStudioVersion = 10.0.40219.1
Project("{9A19103F-16F7-4668-BE54-9A1E7A4F7556}") = "TaskManager", "TaskManager\TaskManager.csproj", "{C1C46641-0F46-40DF-8FB6-3DE4EFE3661A}"
EndProject
Project("{FAE04EC0-301F-11D3-BF4B-00C04F79EFBC}") = "DataAccessLayer", "DataAccessLayer\DataAccessLayer.csproj", "{A8AEA3D2-3999-4046-8B64-7568C50F138E}"
EndProject
Global
	GlobalSection(SolutionConfigurationPlatforms) = preSolution
		Debug|Any CPU = Debug|Any CPU
		Release|Any CPU = Release|Any CPU
	EndGlobalSection
	GlobalSection(ProjectConfigurationPlatforms) = postSolution
		{C1C46641-0F46-40DF-8FB6-3DE4EFE3661A}.Debug|Any CPU.ActiveCfg = Debug|Any CPU
		{C1C46641-0F46-40DF-8FB6-3DE4EFE3661A}.Debug|Any CPU.Build.0 = Debug|Any CPU
		{C1C46641-0F46-40DF-8FB6-3DE4EFE3661A}.Release|Any CPU.ActiveCfg = Release|Any CPU
		{C1C46641-0F46-40DF-8FB6-3DE4EFE3661A}.Release|Any CPU.Build.0 = Release|Any CPU
		{A8AEA3D2-3999-4046-8B64-7568C50F138E}.Debug|Any CPU.ActiveCfg = Debug|Any CPU
		{A8AEA3D2-3999-4046-8B64-7568C50F138E}.Debug|Any CPU.Build.0 = Debug|Any CPU
		{A8AEA3D2-3999-4046-8B64-7568C50F138E}.Release|Any CPU.ActiveCfg = Release|Any CPU
		{A8AEA3D2-3999-4046-8B64-7568C50F138E}.Release|Any CPU.Build.0 = Release|Any CPU
	EndGlobalSection
	GlobalSection(SolutionProperties) = preSolution
		HideSolutionNode = FALSE
	EndGlobalSection
	GlobalSection(ExtensibilityGlobals) = postSolution
		SolutionGuid = {44BF31B2-3D55-4257-88CD-B47E3E33D225}
	EndGlobalSection
EndGlobal
